Microsoft Visual Studio Solution File, Format Version 11.00
# Visual Studio 2008

Project("{10C70F08-C025-68A1-7674-DD045057CC7B}") = "ReturnOfSpock", "Assembly-CSharp-firstpass-vs.csproj", "{32DBE3F4-0C54-C356-AC45-AB132244447B}"
EndProject
Project("{10C70F08-C025-68A1-7674-DD045057CC7B}") = "ReturnOfSpock", "Assembly-CSharp-vs.csproj", "{4253BFF6-DFB5-1835-7884-C11AE2E3B559}"
EndProject
Global
	GlobalSection(SolutionConfigurationPlatforms) = preSolution
		Debug|Any CPU = Debug|Any CPU
		Release|Any CPU = Release|Any CPU
	EndGlobalSection
	GlobalSection(ProjectConfigurationPlatforms) = postSolution
		{32DBE3F4-0C54-C356-AC45-AB132244447B}.Debug|Any CPU.ActiveCfg = Debug|Any CPU
		{32DBE3F4-0C54-C356-AC45-AB132244447B}.Debug|Any CPU.Build.0 = Debug|Any CPU
		{32DBE3F4-0C54-C356-AC45-AB132244447B}.Release|Any CPU.ActiveCfg = Release|Any CPU
		{32DBE3F4-0C54-C356-AC45-AB132244447B}.Release|Any CPU.Build.0 = Release|Any CPU
		{4253BFF6-DFB5-1835-7884-C11AE2E3B559}.Debug|Any CPU.ActiveCfg = Debug|Any CPU
		{4253BFF6-DFB5-1835-7884-C11AE2E3B559}.Debug|Any CPU.Build.0 = Debug|Any CPU
		{4253BFF6-DFB5-1835-7884-C11AE2E3B559}.Release|Any CPU.ActiveCfg = Release|Any CPU
		{4253BFF6-DFB5-1835-7884-C11AE2E3B559}.Release|Any CPU.Build.0 = Release|Any CPU
	EndGlobalSection
	GlobalSection(SolutionProperties) = preSolution
		HideSolutionNode = FALSE
	EndGlobalSection
										GlobalSection(MonoDevelopProperties) = preSolution
=======
							GlobalSection(MonoDevelopProperties) = preSolution
>>>>>>> 418dadc9e83ac9eb619f7205068a36d79461ddf4
=======
																	GlobalSection(MonoDevelopProperties) = preSolution
>>>>>>> 8a781d05cb88ae3f4645368180903f710206eaa0
		StartupItem = Assembly-CSharp.csproj
		Policies = $0
		$0.TextStylePolicy = $1
		$1.inheritsSet = null
		$1.scope = text/x-csharp
		$0.CSharpFormattingPolicy = $2
		$2.inheritsSet = Mono
		$2.inheritsScope = text/x-csharp
		$2.scope = text/x-csharp
		$0.TextStylePolicy = $3
		$3.FileWidth = 120
		$3.TabWidth = 4
		$3.EolMarker = Unix
		$3.inheritsSet = Mono
		$3.inheritsScope = text/plain
		$3.scope = text/plain
	EndGlobalSection

EndGlobal
